<?xml version="1.0" encoding="utf-8"?>
<Project ToolsVersion="4.0" xmlns="http://schemas.microsoft.com/developer/msbuild/2003">
  <ItemGroup>
    <Filter Include="Form Files">
      <UniqueIdentifier>{99349809-55BA-4b9d-BF79-8FDBB0286EB3}</UniqueIdentifier>
      <Extensions>ui</Extensions>
      <ParseFiles>false</ParseFiles>
    </Filter>
    <Filter Include="Form Files">
      <UniqueIdentifier>{99349809-55BA-4b9d-BF79-8FDBB0286EB3}</UniqueIdentifier>
      <Extensions>ui</Extensions>
      <ParseFiles>false</ParseFiles>
    </Filter>
    <Filter Include="Generated Files">
      <UniqueIdentifier>{71ED8ED8-ACB9-4CE9-BBE1-E00B30144E11}</UniqueIdentifier>
      <Extensions>cpp;c;cxx;moc;h;def;odl;idl;res;</Extensions>
    </Filter>
    <Filter Include="Generated Files">
      <UniqueIdentifier>{71ED8ED8-ACB9-4CE9-BBE1-E00B30144E11}</UniqueIdentifier>
      <Extensions>cpp;c;cxx;moc;h;def;odl;idl;res;</Extensions>
    </Filter>
    <Filter Include="Header Files">
      <UniqueIdentifier>{93995380-89BD-4b04-88EB-625FBE52EBFB}</UniqueIdentifier>
      <Extensions>h;hpp;hxx;hm;inl;inc;xsd</Extensions>
    </Filter>
    <Filter Include="Header Files">
      <UniqueIdentifier>{93995380-89BD-4b04-88EB-625FBE52EBFB}</UniqueIdentifier>
      <Extensions>h;hpp;hxx;hm;inl;inc;xsd</Extensions>
    </Filter>
    <Filter Include="Source Files">
      <UniqueIdentifier>{4FC737F1-C7A5-4376-A066-2A32D752A2FF}</UniqueIdentifier>
      <Extensions>cpp;c;cxx;def;odl;idl;hpj;bat;asm;asmx</Extensions>
    </Filter>
    <Filter Include="Source Files">
      <UniqueIdentifier>{4FC737F1-C7A5-4376-A066-2A32D752A2FF}</UniqueIdentifier>
      <Extensions>cpp;c;cxx;def;odl;idl;hpj;bat;asm;asmx</Extensions>
    </Filter>
    <Filter Include="Generated Files\Debug">
      <UniqueIdentifier>{189e5a96-8f37-4967-8aa1-ad7f93574fd0}</UniqueIdentifier>
      <Extensions>cpp;moc</Extensions>
      <SourceControlFiles>False</SourceControlFiles>
    </Filter>
    <Filter Include="Generated Files\Release">
      <UniqueIdentifier>{afa121ad-b13e-49d2-8d48-9d02005a1db1}</UniqueIdentifier>
      <Extensions>cpp;moc</Extensions>
      <SourceControlFiles>False</SourceControlFiles>
    </Filter>
    <Filter Include="Header Files\lv_model">
      <UniqueIdentifier>{7dbef6eb-d46a-45c8-b4bf-ecee994a4a43}</UniqueIdentifier>
    </Filter>
    <Filter Include="Header Files\lv_view">
      <UniqueIdentifier>{d1699613-ff92-4b7a-8ccd-4c77faf3c4f4}</UniqueIdentifier>
    </Filter>
    <Filter Include="Header Files\lv_item">
      <UniqueIdentifier>{9a540ddd-7515-4ebe-81fc-062c43a0f7f4}</UniqueIdentifier>
    </Filter>
    <Filter Include="Header Files\lv_item\lvitem_customer">
      <UniqueIdentifier>{8ea7c554-9dcd-4136-8e6b-0c838249c4d9}</UniqueIdentifier>
    </Filter>
    <Filter Include="Header Files\lv_db">
      <UniqueIdentifier>{6852ff01-f386-467a-a8f7-762e431657c5}</UniqueIdentifier>
    </Filter>
    <Filter Include="Source Files\lv_db">
      <UniqueIdentifier>{d2d6a68f-8d40-44fb-bcc7-4adbf1e58d15}</UniqueIdentifier>
    </Filter>
    <Filter Include="Source Files\lv_model">
      <UniqueIdentifier>{bb075ee5-c90f-467e-8363-2b98f0ffa43d}</UniqueIdentifier>
    </Filter>
    <Filter Include="Source Files\lv_item">
      <UniqueIdentifier>{e23c9927-afca-484c-b6a6-91d6f7621c41}</UniqueIdentifier>
    </Filter>
    <Filter Include="Source Files\lv_item\lvitem_customer">
      <UniqueIdentifier>{210b3e1c-a11f-4fcf-bad8-62a9e2ea764e}</UniqueIdentifier>
    </Filter>
    <Filter Include="Source Files\lv_view">
      <UniqueIdentifier>{7a6ff5a3-9ac6-4041-bf38-5d6e46964908}</UniqueIdentifier>
    </Filter>
  </ItemGroup>
  <ItemGroup>
    <ClCompile Include="crm.cpp">
      <Filter>Source Files</Filter>
    </ClCompile>
    <ClCompile Include="main.cpp">
      <Filter>Source Files</Filter>
    </ClCompile>
    <ClCompile Include="GeneratedFiles\Debug\moc_crm.cpp">
      <Filter>Generated Files\Debug</Filter>
    </ClCompile>
    <ClCompile Include="GeneratedFiles\Release\moc_crm.cpp">
      <Filter>Generated Files\Release</Filter>
    </ClCompile>
    <ClCompile Include="GeneratedFiles\Debug\moc_lv_menu.cpp">
      <Filter>Generated Files\Debug</Filter>
    </ClCompile>
    <ClCompile Include="GeneratedFiles\Release\moc_lv_menu.cpp">
      <Filter>Generated Files\Release</Filter>
    </ClCompile>
    <ClCompile Include="lv_menu.cpp">
      <Filter>Source Files</Filter>
    </ClCompile>
    <ClCompile Include="GeneratedFiles\Debug\moc_lv_item.cpp">
      <Filter>Generated Files\Debug</Filter>
    </ClCompile>
    <ClCompile Include="GeneratedFiles\Release\moc_lv_item.cpp">
      <Filter>Generated Files\Release</Filter>
    </ClCompile>
    <ClCompile Include="..\lv_item\lv_item.cpp">
      <Filter>Source Files\lv_item</Filter>
    </ClCompile>
    <ClCompile Include="GeneratedFiles\Debug\moc_lv_model.cpp">
      <Filter>Generated Files\Debug</Filter>
    </ClCompile>
    <ClCompile Include="GeneratedFiles\Release\moc_lv_model.cpp">
      <Filter>Generated Files\Release</Filter>
    </ClCompile>
    <ClCompile Include="..\lv_model\lv_model.cpp">
      <Filter>Source Files\lv_model</Filter>
    </ClCompile>
    <ClCompile Include="GeneratedFiles\Debug\moc_lv_uimanage.cpp">
      <Filter>Generated Files\Debug</Filter>
    </ClCompile>
    <ClCompile Include="GeneratedFiles\Release\moc_lv_uimanage.cpp">
      <Filter>Generated Files\Release</Filter>
    </ClCompile>
    <ClCompile Include="..\lv_uimanage.cpp">
      <Filter>Source Files</Filter>
    </ClCompile>
    <ClCompile Include="..\lv_item\lvitem_customer\lvitem_customer.cpp">
      <Filter>Source Files\lv_item\lvitem_customer</Filter>
    </ClCompile>
    <ClCompile Include="..\lv_view\lv_baseView.cpp">
      <Filter>Source Files\lv_view</Filter>
    </ClCompile>
    <ClCompile Include="..\lv_model\lv_proxyModel.cpp">
      <Filter>Source Files\lv_model</Filter>
    </ClCompile>
    <ClCompile Include="..\lv_db\lv_db.cpp">
      <Filter>Source Files\lv_db</Filter>
    </ClCompile>
    <ClCompile Include="..\..\..\third\sqlite3\sqlite3.c">
      <Filter>Source Files\lv_db</Filter>
    </ClCompile>
    <ClCompile Include="GeneratedFiles\Debug\moc_lv_db.cpp">
      <Filter>Generated Files\Debug</Filter>
    </ClCompile>
    <ClCompile Include="GeneratedFiles\Release\moc_lv_db.cpp">
      <Filter>Generated Files\Release</Filter>
    </ClCompile>
    <ClCompile Include="GeneratedFiles\Debug\moc_lv_baseView.cpp">
      <Filter>Generated Files\Debug</Filter>
    </ClCompile>
    <ClCompile Include="GeneratedFiles\Release\moc_lv_baseView.cpp">
      <Filter>Generated Files\Release</Filter>
    </ClCompile>
  </ItemGroup>
  <ItemGroup>
    <CustomBuild Include="crm.h">
      <Filter>Header Files</Filter>
    </CustomBuild>
    <CustomBuild Include="lv_menu.h">
      <Filter>Header Files</Filter>
    </CustomBuild>
    <CustomBuild Include="..\lv_item\lv_item.h">
      <Filter>Header Files\lv_item</Filter>
    </CustomBuild>
    <CustomBuild Include="..\lv_model\lv_model.h">
      <Filter>Header Files\lv_model</Filter>
    </CustomBuild>
    <CustomBuild Include="..\lv_uimanage.h">
      <Filter>Header Files</Filter>
    </CustomBuild>
    <CustomBuild Include="..\lv_db\lv_db.h">
      <Filter>Header Files\lv_db</Filter>
    </CustomBuild>
    <CustomBuild Include="..\lv_view\lv_baseView.h">
      <Filter>Header Files\lv_view</Filter>
    </CustomBuild>
  </ItemGroup>
  <ItemGroup>
    <CustomBuild Include="crm.ui">
      <Filter>Form Files</Filter>
    </CustomBuild>
  </ItemGroup>
  <ItemGroup>
    <ClInclude Include="GeneratedFiles\ui_crm.h">
      <Filter>Generated Files</Filter>
    </ClInclude>
    <ClInclude Include="..\..\..\include\header.h">
      <Filter>Header Files</Filter>
    </ClInclude>
    <ClInclude Include="..\lv_item\lvitem_customer\lvitem_customer.h">
      <Filter>Header Files\lv_item\lvitem_customer</Filter>
    </ClInclude>
    <ClInclude Include="..\lv_model\lv_proxyModel.h">
      <Filter>Header Files\lv_model</Filter>
    </ClInclude>
    <ClInclude Include="..\..\..\third\sqlite3\sqlite3.h">
      <Filter>Header Files\lv_db</Filter>
    </ClInclude>
  </ItemGroup>
</Project>